
Microsoft Visual Studio Solution File, Format Version 12.00
# Visual Studio Version 17
VisualStudioVersion = 17.5.002.0
MinimumVisualStudioVersion = 10.0.40219.1
Project("{2150E333-8FDC-42A3-9474-1A3956D46DE8}") = "csharp-prep", "csharp-prep", "{74229953-83AA-4B74-967B-C50E0AD3AD60}"
EndProject
Project("{9A19103F-16F7-4668-BE54-9A1E7A4F7556}") = "Prep1", "csharp-prep\Prep1\Prep1.csproj", "{F7C41756-2492-42ED-8AF8-9870A263F034}"
EndProject
Project("{9A19103F-16F7-4668-BE54-9A1E7A4F7556}") = "Prep2", "csharp-prep\Prep2\Prep2.csproj", "{FEEFC180-F25A-420A-AECA-9CBE4C5317DA}"
EndProject
Project("{9A19103F-16F7-4668-BE54-9A1E7A4F7556}") = "Prep3", "csharp-prep\Prep3\Prep3.csproj", "{24122F3B-8BD9-489B-B097-2E48088098B8}"
EndProject
Project("{9A19103F-16F7-4668-BE54-9A1E7A4F7556}") = "Prep4", "csharp-prep\Prep4\Prep4.csproj", "{818D09DE-D51E-4E0D-817A-D15E34F125B0}"
EndProject
Project("{9A19103F-16F7-4668-BE54-9A1E7A4F7556}") = "Prep5", "csharp-prep\Prep5\Prep5.csproj", "{F1438DD2-7BE9-41C1-B8E5-E55805AE05A0}"
EndProject
Project("{2150E333-8FDC-42A3-9474-1A3956D46DE8}") = "final", "final", "{79E96C2D-09FA-4DA4-9F67-DB6FCBA1B426}"
EndProject
Project("{9A19103F-16F7-4668-BE54-9A1E7A4F7556}") = "FinalProject", "final\FinalProject\FinalProject.csproj", "{D9F5A29A-0C7F-44A9-88B3-04F579B6FDD8}"
EndProject
Project("{9A19103F-16F7-4668-BE54-9A1E7A4F7556}") = "Foundation1", "final\Foundation1\Foundation1.csproj", "{0A85DDCC-B962-4D07-9021-34D2F6528462}"
EndProject
Project("{9A19103F-16F7-4668-BE54-9A1E7A4F7556}") = "Foundation2", "final\Foundation2\Foundation2.csproj", "{1564FDAE-25B5-4B47-8393-B6E7172863B3}"
EndProject
Project("{9A19103F-16F7-4668-BE54-9A1E7A4F7556}") = "Foundation3", "final\Foundation3\Foundation3.csproj", "{BF9D4BC0-BDEC-4818-A4D4-C23679FB5AB4}"
EndProject
Project("{9A19103F-16F7-4668-BE54-9A1E7A4F7556}") = "Foundation4", "final\Foundation4\Foundation4.csproj", "{AD4418E1-1400-4F64-BC7A-C08E9E258CC6}"
EndProject
Project("{2150E333-8FDC-42A3-9474-1A3956D46DE8}") = "prepare", "prepare", "{155D7F21-646E-4F1A-8150-1A27AC784227}"
EndProject
Project("{9A19103F-16F7-4668-BE54-9A1E7A4F7556}") = "Learning02", "prepare\Learning02\Learning02.csproj", "{5F7660F5-3730-4223-A109-023A65ED6976}"
EndProject
Project("{9A19103F-16F7-4668-BE54-9A1E7A4F7556}") = "Learning03", "prepare\Learning03\Learning03.csproj", "{0D191A38-D5A4-4203-8DC2-C7E2877D8456}"
EndProject
Project("{9A19103F-16F7-4668-BE54-9A1E7A4F7556}") = "Learning04", "prepare\Learning04\Learning04.csproj", "{76905B3D-A0B0-4282-8022-1C16B1FEEC94}"
EndProject
Project("{9A19103F-16F7-4668-BE54-9A1E7A4F7556}") = "Learning05", "prepare\Learning05\Learning05.csproj", "{87A41C7B-E051-47DE-857B-5E602C4324C4}"
EndProject
Project("{2150E333-8FDC-42A3-9474-1A3956D46DE8}") = "prove", "prove", "{16F9BD5F-D3D5-442C-8065-8DE4F1DCBCE4}"
EndProject
Project("{9A19103F-16F7-4668-BE54-9A1E7A4F7556}") = "Develop02", "prove\Develop02\Develop02.csproj", "{2F94F65B-DF5B-4A5C-A33E-2C6DE07B054C}"
EndProject
Project("{9A19103F-16F7-4668-BE54-9A1E7A4F7556}") = "Develop03", "prove\Develop03\Develop03.csproj", "{1D93930B-4EBF-4E0C-B16C-282C7C79FEE4}"
EndProject
Project("{9A19103F-16F7-4668-BE54-9A1E7A4F7556}") = "Develop04", "prove\Develop04\Develop04.csproj", "{AF274E78-51FB-42C2-93CA-A1416AA3BB5B}"
EndProject
Project("{9A19103F-16F7-4668-BE54-9A1E7A4F7556}") = "Develop05", "prove\Develop05\Develop05.csproj", "{705C8DE5-6637-494F-83AD-C583480ECE8B}"
EndProject
Project("{2150E333-8FDC-42A3-9474-1A3956D46DE8}") = "sandbox", "sandbox", "{06B1BAD0-48BE-4B5E-973E-C31F27ED5F2E}"
EndProject
Project("{9A19103F-16F7-4668-BE54-9A1E7A4F7556}") = "Sandbox", "sandbox\Sandbox\Sandbox.csproj", "{08F9B354-8401-438B-8110-D0347E59DE6B}"
EndProject
Global
	GlobalSection(SolutionConfigurationPlatforms) = preSolution
		Debug|Any CPU = Debug|Any CPU
		Release|Any CPU = Release|Any CPU
	EndGlobalSection
	GlobalSection(ProjectConfigurationPlatforms) = postSolution
		{F7C41756-2492-42ED-8AF8-9870A263F034}.Debug|Any CPU.ActiveCfg = Debug|Any CPU
		{F7C41756-2492-42ED-8AF8-9870A263F034}.Debug|Any CPU.Build.0 = Debug|Any CPU
		{F7C41756-2492-42ED-8AF8-9870A263F034}.Release|Any CPU.ActiveCfg = Release|Any CPU
		{F7C41756-2492-42ED-8AF8-9870A263F034}.Release|Any CPU.Build.0 = Release|Any CPU
		{FEEFC180-F25A-420A-AECA-9CBE4C5317DA}.Debug|Any CPU.ActiveCfg = Debug|Any CPU
		{FEEFC180-F25A-420A-AECA-9CBE4C5317DA}.Debug|Any CPU.Build.0 = Debug|Any CPU
		{FEEFC180-F25A-420A-AECA-9CBE4C5317DA}.Release|Any CPU.ActiveCfg = Release|Any CPU
		{FEEFC180-F25A-420A-AECA-9CBE4C5317DA}.Release|Any CPU.Build.0 = Release|Any CPU
		{24122F3B-8BD9-489B-B097-2E48088098B8}.Debug|Any CPU.ActiveCfg = Debug|Any CPU
		{24122F3B-8BD9-489B-B097-2E48088098B8}.Debug|Any CPU.Build.0 = Debug|Any CPU
		{24122F3B-8BD9-489B-B097-2E48088098B8}.Release|Any CPU.ActiveCfg = Release|Any CPU
		{24122F3B-8BD9-489B-B097-2E48088098B8}.Release|Any CPU.Build.0 = Release|Any CPU
		{818D09DE-D51E-4E0D-817A-D15E34F125B0}.Debug|Any CPU.ActiveCfg = Debug|Any CPU
		{818D09DE-D51E-4E0D-817A-D15E34F125B0}.Debug|Any CPU.Build.0 = Debug|Any CPU
		{818D09DE-D51E-4E0D-817A-D15E34F125B0}.Release|Any CPU.ActiveCfg = Release|Any CPU
		{818D09DE-D51E-4E0D-817A-D15E34F125B0}.Release|Any CPU.Build.0 = Release|Any CPU
		{F1438DD2-7BE9-41C1-B8E5-E55805AE05A0}.Debug|Any CPU.ActiveCfg = Debug|Any CPU
		{F1438DD2-7BE9-41C1-B8E5-E55805AE05A0}.Debug|Any CPU.Build.0 = Debug|Any CPU
		{F1438DD2-7BE9-41C1-B8E5-E55805AE05A0}.Release|Any CPU.ActiveCfg = Release|Any CPU
		{F1438DD2-7BE9-41C1-B8E5-E55805AE05A0}.Release|Any CPU.Build.0 = Release|Any CPU
		{D9F5A29A-0C7F-44A9-88B3-04F579B6FDD8}.Debug|Any CPU.ActiveCfg = Debug|Any CPU
		{D9F5A29A-0C7F-44A9-88B3-04F579B6FDD8}.Debug|Any CPU.Build.0 = Debug|Any CPU
		{D9F5A29A-0C7F-44A9-88B3-04F579B6FDD8}.Release|Any CPU.ActiveCfg = Release|Any CPU
		{D9F5A29A-0C7F-44A9-88B3-04F579B6FDD8}.Release|Any CPU.Build.0 = Release|Any CPU
		{0A85DDCC-B962-4D07-9021-34D2F6528462}.Debug|Any CPU.ActiveCfg = Debug|Any CPU
		{0A85DDCC-B962-4D07-9021-34D2F6528462}.Debug|Any CPU.Build.0 = Debug|Any CPU
		{0A85DDCC-B962-4D07-9021-34D2F6528462}.Release|Any CPU.ActiveCfg = Release|Any CPU
		{0A85DDCC-B962-4D07-9021-34D2F6528462}.Release|Any CPU.Build.0 = Release|Any CPU
		{1564FDAE-25B5-4B47-8393-B6E7172863B3}.Debug|Any CPU.ActiveCfg = Debug|Any CPU
		{1564FDAE-25B5-4B47-8393-B6E7172863B3}.Debug|Any CPU.Build.0 = Debug|Any CPU
		{1564FDAE-25B5-4B47-8393-B6E7172863B3}.Release|Any CPU.ActiveCfg = Release|Any CPU
		{1564FDAE-25B5-4B47-8393-B6E7172863B3}.Release|Any CPU.Build.0 = Release|Any CPU
		{BF9D4BC0-BDEC-4818-A4D4-C23679FB5AB4}.Debug|Any CPU.ActiveCfg = Debug|Any CPU
		{BF9D4BC0-BDEC-4818-A4D4-C23679FB5AB4}.Debug|Any CPU.Build.0 = Debug|Any CPU
		{BF9D4BC0-BDEC-4818-A4D4-C23679FB5AB4}.Release|Any CPU.ActiveCfg = Release|Any CPU
		{BF9D4BC0-BDEC-4818-A4D4-C23679FB5AB4}.Release|Any CPU.Build.0 = Release|Any CPU
		{AD4418E1-1400-4F64-BC7A-C08E9E258CC6}.Debug|Any CPU.ActiveCfg = Debug|Any CPU
		{AD4418E1-1400-4F64-BC7A-C08E9E258CC6}.Debug|Any CPU.Build.0 = Debug|Any CPU
		{AD4418E1-1400-4F64-BC7A-C08E9E258CC6}.Release|Any CPU.ActiveCfg = Release|Any CPU
		{AD4418E1-1400-4F64-BC7A-C08E9E258CC6}.Release|Any CPU.Build.0 = Release|Any CPU
		{5F7660F5-3730-4223-A109-023A65ED6976}.Debug|Any CPU.ActiveCfg = Debug|Any CPU
		{5F7660F5-3730-4223-A109-023A65ED6976}.Debug|Any CPU.Build.0 = Debug|Any CPU
		{5F7660F5-3730-4223-A109-023A65ED6976}.Release|Any CPU.ActiveCfg = Release|Any CPU
		{5F7660F5-3730-4223-A109-023A65ED6976}.Release|Any CPU.Build.0 = Release|Any CPU
		{0D191A38-D5A4-4203-8DC2-C7E2877D8456}.Debug|Any CPU.ActiveCfg = Debug|Any CPU
		{0D191A38-D5A4-4203-8DC2-C7E2877D8456}.Debug|Any CPU.Build.0 = Debug|Any CPU
		{0D191A38-D5A4-4203-8DC2-C7E2877D8456}.Release|Any CPU.ActiveCfg = Release|Any CPU
		{0D191A38-D5A4-4203-8DC2-C7E2877D8456}.Release|Any CPU.Build.0 = Release|Any CPU
		{76905B3D-A0B0-4282-8022-1C16B1FEEC94}.Debug|Any CPU.ActiveCfg = Debug|Any CPU
		{76905B3D-A0B0-4282-8022-1C16B1FEEC94}.Debug|Any CPU.Build.0 = Debug|Any CPU
		{76905B3D-A0B0-4282-8022-1C16B1FEEC94}.Release|Any CPU.ActiveCfg = Release|Any CPU
		{76905B3D-A0B0-4282-8022-1C16B1FEEC94}.Release|Any CPU.Build.0 = Release|Any CPU
		{87A41C7B-E051-47DE-857B-5E602C4324C4}.Debug|Any CPU.ActiveCfg = Debug|Any CPU
		{87A41C7B-E051-47DE-857B-5E602C4324C4}.Debug|Any CPU.Build.0 = Debug|Any CPU
		{87A41C7B-E051-47DE-857B-5E602C4324C4}.Release|Any CPU.ActiveCfg = Release|Any CPU
		{87A41C7B-E051-47DE-857B-5E602C4324C4}.Release|Any CPU.Build.0 = Release|Any CPU
		{2F94F65B-DF5B-4A5C-A33E-2C6DE07B054C}.Debug|Any CPU.ActiveCfg = Debug|Any CPU
		{2F94F65B-DF5B-4A5C-A33E-2C6DE07B054C}.Debug|Any CPU.Build.0 = Debug|Any CPU
		{2F94F65B-DF5B-4A5C-A33E-2C6DE07B054C}.Release|Any CPU.ActiveCfg = Release|Any CPU
		{2F94F65B-DF5B-4A5C-A33E-2C6DE07B054C}.Release|Any CPU.Build.0 = Release|Any CPU
		{1D93930B-4EBF-4E0C-B16C-282C7C79FEE4}.Debug|Any CPU.ActiveCfg = Debug|Any CPU
		{1D93930B-4EBF-4E0C-B16C-282C7C79FEE4}.Debug|Any CPU.Build.0 = Debug|Any CPU
		{1D93930B-4EBF-4E0C-B16C-282C7C79FEE4}.Release|Any CPU.ActiveCfg = Release|Any CPU
		{1D93930B-4EBF-4E0C-B16C-282C7C79FEE4}.Release|Any CPU.Build.0 = Release|Any CPU
		{AF274E78-51FB-42C2-93CA-A1416AA3BB5B}.Debug|Any CPU.ActiveCfg = Debug|Any CPU
		{AF274E78-51FB-42C2-93CA-A1416AA3BB5B}.Debug|Any CPU.Build.0 = Debug|Any CPU
		{AF274E78-51FB-42C2-93CA-A1416AA3BB5B}.Release|Any CPU.ActiveCfg = Release|Any CPU
		{AF274E78-51FB-42C2-93CA-A1416AA3BB5B}.Release|Any CPU.Build.0 = Release|Any CPU
		{705C8DE5-6637-494F-83AD-C583480ECE8B}.Debug|Any CPU.ActiveCfg = Debug|Any CPU
		{705C8DE5-6637-494F-83AD-C583480ECE8B}.Debug|Any CPU.Build.0 = Debug|Any CPU
		{705C8DE5-6637-494F-83AD-C583480ECE8B}.Release|Any CPU.ActiveCfg = Release|Any CPU
		{705C8DE5-6637-494F-83AD-C583480ECE8B}.Release|Any CPU.Build.0 = Release|Any CPU
		{08F9B354-8401-438B-8110-D0347E59DE6B}.Debug|Any CPU.ActiveCfg = Debug|Any CPU
		{08F9B354-8401-438B-8110-D0347E59DE6B}.Debug|Any CPU.Build.0 = Debug|Any CPU
		{08F9B354-8401-438B-8110-D0347E59DE6B}.Release|Any CPU.ActiveCfg = Release|Any CPU
		{08F9B354-8401-438B-8110-D0347E59DE6B}.Release|Any CPU.Build.0 = Release|Any CPU
	EndGlobalSection
	GlobalSection(SolutionProperties) = preSolution
		HideSolutionNode = FALSE
	EndGlobalSection
	GlobalSection(NestedProjects) = preSolution
		{F7C41756-2492-42ED-8AF8-9870A263F034} = {74229953-83AA-4B74-967B-C50E0AD3AD60}
		{FEEFC180-F25A-420A-AECA-9CBE4C5317DA} = {74229953-83AA-4B74-967B-C50E0AD3AD60}
		{24122F3B-8BD9-489B-B097-2E48088098B8} = {74229953-83AA-4B74-967B-C50E0AD3AD60}
		{818D09DE-D51E-4E0D-817A-D15E34F125B0} = {74229953-83AA-4B74-967B-C50E0AD3AD60}
		{F1438DD2-7BE9-41C1-B8E5-E55805AE05A0} = {74229953-83AA-4B74-967B-C50E0AD3AD60}
		{D9F5A29A-0C7F-44A9-88B3-04F579B6FDD8} = {79E96C2D-09FA-4DA4-9F67-DB6FCBA1B426}
		{0A85DDCC-B962-4D07-9021-34D2F6528462} = {79E96C2D-09FA-4DA4-9F67-DB6FCBA1B426}
		{1564FDAE-25B5-4B47-8393-B6E7172863B3} = {79E96C2D-09FA-4DA4-9F67-DB6FCBA1B426}
		{BF9D4BC0-BDEC-4818-A4D4-C23679FB5AB4} = {79E96C2D-09FA-4DA4-9F67-DB6FCBA1B426}
		{AD4418E1-1400-4F64-BC7A-C08E9E258CC6} = {79E96C2D-09FA-4DA4-9F67-DB6FCBA1B426}
		{5F7660F5-3730-4223-A109-023A65ED6976} = {155D7F21-646E-4F1A-8150-1A27AC784227}
		{0D191A38-D5A4-4203-8DC2-C7E2877D8456} = {155D7F21-646E-4F1A-8150-1A27AC784227}
		{76905B3D-A0B0-4282-8022-1C16B1FEEC94} = {155D7F21-646E-4F1A-8150-1A27AC784227}
		{87A41C7B-E051-47DE-857B-5E602C4324C4} = {155D7F21-646E-4F1A-8150-1A27AC784227}
		{2F94F65B-DF5B-4A5C-A33E-2C6DE07B054C} = {16F9BD5F-D3D5-442C-8065-8DE4F1DCBCE4}
		{1D93930B-4EBF-4E0C-B16C-282C7C79FEE4} = {16F9BD5F-D3D5-442C-8065-8DE4F1DCBCE4}
		{AF274E78-51FB-42C2-93CA-A1416AA3BB5B} = {16F9BD5F-D3D5-442C-8065-8DE4F1DCBCE4}
		{705C8DE5-6637-494F-83AD-C583480ECE8B} = {16F9BD5F-D3D5-442C-8065-8DE4F1DCBCE4}
		{08F9B354-8401-438B-8110-D0347E59DE6B} = {06B1BAD0-48BE-4B5E-973E-C31F27ED5F2E}
	EndGlobalSection
	GlobalSection(ExtensibilityGlobals) = postSolution
		SolutionGuid = {B3184D69-E0FD-4961-8079-1FBB78EE9C4C}
	EndGlobalSection
EndGlobal
